
Microsoft Visual Studio Solution File, Format Version 10.00
# Visual Studio 2008
Project("{FAE04EC0-301F-11D3-BF4B-00C04F79EFBC}") = "CommonLibrary", "CommonObjects\CommonLibrary\CommonLibrary.csproj", "{055DCFCB-D116-4E05-8662-CF0AB68DC356}"
EndProject
Project("{FAE04EC0-301F-11D3-BF4B-00C04F79EFBC}") = "CodeBuilderLibrary", "WorkStudio\CodeBuilderLibrary\CodeBuilderLibrary.csproj", "{BEBA8F00-B2B6-4DF0-81DF-D68B075FFDCE}"
EndProject
Project("{FAE04EC0-301F-11D3-BF4B-00C04F79EFBC}") = "OracleCodeBuilderLibrary", "WorkStudio\OracleCodeBuilderLibrary\OracleCodeBuilderLibrary.csproj", "{110DB3FA-29D1-403F-B472-0676A70A8B8A}"
EndProject
Project("{FAE04EC0-301F-11D3-BF4B-00C04F79EFBC}") = "WorkStudioLibrary", "WorkStudio\WorkStudioLibrary\WorkStudioLibrary.csproj", "{F766E9E9-E689-458E-B2B4-5F9AF11771E2}"
EndProject
Project("{E24C65DC-7377-472B-9ABA-BC803B73C61A}") = "WorkStudio", "WorkStudio\WorkStudio\", "{CA9A9D4E-6EC9-4E55-AD4F-8055014D855D}"
	ProjectSection(WebsiteProperties) = preProject
		TargetFramework = "3.5"
		ProjectReferences = "{BEBA8F00-B2B6-4DF0-81DF-D68B075FFDCE}|CodeBuilderLibrary.dll;{110DB3FA-29D1-403F-B472-0676A70A8B8A}|OracleCodeBuilderLibrary.dll;{F766E9E9-E689-458E-B2B4-5F9AF11771E2}|WorkStudioLibrary.dll;{055DCFCB-D116-4E05-8662-CF0AB68DC356}|CommonLibrary.dll;{AB9DF9E4-32E1-42DA-BCF2-DD43B381166C}|DataAccess.dll;{9EB017FA-B80B-4863-A550-9A548228B721}|DataMapping.dll;{EEDDDED8-4061-4EF7-8A17-E9D34F7FA81D}|OracleDataAccess.dll;"
		Debug.AspNetCompiler.VirtualPath = "/WorkStudio"
		Debug.AspNetCompiler.PhysicalPath = "WorkStudio\WorkStudio\"
		Debug.AspNetCompiler.TargetPath = "PrecompiledWeb\WorkStudio\"
		Debug.AspNetCompiler.Updateable = "true"
		Debug.AspNetCompiler.ForceOverwrite = "true"
		Debug.AspNetCompiler.FixedNames = "false"
		Debug.AspNetCompiler.Debug = "True"
		Release.AspNetCompiler.VirtualPath = "/WorkStudio"
		Release.AspNetCompiler.PhysicalPath = "WorkStudio\WorkStudio\"
		Release.AspNetCompiler.TargetPath = "PrecompiledWeb\WorkStudio\"
		Release.AspNetCompiler.Updateable = "true"
		Release.AspNetCompiler.ForceOverwrite = "true"
		Release.AspNetCompiler.FixedNames = "false"
		Release.AspNetCompiler.Debug = "False"
		VWDPort = "1330"
	EndProjectSection
EndProject
Project("{FAE04EC0-301F-11D3-BF4B-00C04F79EFBC}") = "DataAccess", "CommonObjects\DataAccess\DataAccess.csproj", "{AB9DF9E4-32E1-42DA-BCF2-DD43B381166C}"
	ProjectSection(ProjectDependencies) = postProject
		{9EB017FA-B80B-4863-A550-9A548228B721} = {9EB017FA-B80B-4863-A550-9A548228B721}
	EndProjectSection
EndProject
Project("{FAE04EC0-301F-11D3-BF4B-00C04F79EFBC}") = "DataMapping", "CommonObjects\DataMapping\DataMapping.csproj", "{9EB017FA-B80B-4863-A550-9A548228B721}"
EndProject
Project("{FAE04EC0-301F-11D3-BF4B-00C04F79EFBC}") = "MySqlDataAccess", "CommonObjects\MySqlDataAccess\MySqlDataAccess.csproj", "{00F3B8D4-408A-45A1-8A12-95A828CBACE5}"
EndProject
Project("{FAE04EC0-301F-11D3-BF4B-00C04F79EFBC}") = "OracleDataAccess", "CommonObjects\OracleDataAccess\OracleDataAccess.csproj", "{EEDDDED8-4061-4EF7-8A17-E9D34F7FA81D}"
EndProject
Project("{2150E333-8FDC-42A3-9474-1A3956D46DE8}") = "CommonObjects", "CommonObjects", "{96553CAF-B030-4386-B2B1-7EDB9F2C5588}"
EndProject
Project("{2150E333-8FDC-42A3-9474-1A3956D46DE8}") = "Access", "Access", "{384488C1-0A92-49C5-AC17-079DFAE6E2B7}"
EndProject
Project("{2150E333-8FDC-42A3-9474-1A3956D46DE8}") = "Studio", "Studio", "{3C4FFCBC-843D-4006-8521-D7CCC5D7DD64}"
EndProject
Global
	GlobalSection(SolutionConfigurationPlatforms) = preSolution
		Debug|Any CPU = Debug|Any CPU
		Release|Any CPU = Release|Any CPU
	EndGlobalSection
	GlobalSection(ProjectConfigurationPlatforms) = postSolution
		{055DCFCB-D116-4E05-8662-CF0AB68DC356}.Debug|Any CPU.ActiveCfg = Debug|Any CPU
		{055DCFCB-D116-4E05-8662-CF0AB68DC356}.Debug|Any CPU.Build.0 = Debug|Any CPU
		{055DCFCB-D116-4E05-8662-CF0AB68DC356}.Release|Any CPU.ActiveCfg = Release|Any CPU
		{055DCFCB-D116-4E05-8662-CF0AB68DC356}.Release|Any CPU.Build.0 = Release|Any CPU
		{BEBA8F00-B2B6-4DF0-81DF-D68B075FFDCE}.Debug|Any CPU.ActiveCfg = Debug|Any CPU
		{BEBA8F00-B2B6-4DF0-81DF-D68B075FFDCE}.Debug|Any CPU.Build.0 = Debug|Any CPU
		{BEBA8F00-B2B6-4DF0-81DF-D68B075FFDCE}.Release|Any CPU.ActiveCfg = Release|Any CPU
		{BEBA8F00-B2B6-4DF0-81DF-D68B075FFDCE}.Release|Any CPU.Build.0 = Release|Any CPU
		{110DB3FA-29D1-403F-B472-0676A70A8B8A}.Debug|Any CPU.ActiveCfg = Debug|Any CPU
		{110DB3FA-29D1-403F-B472-0676A70A8B8A}.Debug|Any CPU.Build.0 = Debug|Any CPU
		{110DB3FA-29D1-403F-B472-0676A70A8B8A}.Release|Any CPU.ActiveCfg = Release|Any CPU
		{110DB3FA-29D1-403F-B472-0676A70A8B8A}.Release|Any CPU.Build.0 = Release|Any CPU
		{F766E9E9-E689-458E-B2B4-5F9AF11771E2}.Debug|Any CPU.ActiveCfg = Debug|Any CPU
		{F766E9E9-E689-458E-B2B4-5F9AF11771E2}.Debug|Any CPU.Build.0 = Debug|Any CPU
		{F766E9E9-E689-458E-B2B4-5F9AF11771E2}.Release|Any CPU.ActiveCfg = Release|Any CPU
		{F766E9E9-E689-458E-B2B4-5F9AF11771E2}.Release|Any CPU.Build.0 = Release|Any CPU
		{CA9A9D4E-6EC9-4E55-AD4F-8055014D855D}.Debug|Any CPU.ActiveCfg = Debug|Any CPU
		{CA9A9D4E-6EC9-4E55-AD4F-8055014D855D}.Debug|Any CPU.Build.0 = Debug|Any CPU
		{CA9A9D4E-6EC9-4E55-AD4F-8055014D855D}.Release|Any CPU.ActiveCfg = Debug|Any CPU
		{CA9A9D4E-6EC9-4E55-AD4F-8055014D855D}.Release|Any CPU.Build.0 = Debug|Any CPU
		{AB9DF9E4-32E1-42DA-BCF2-DD43B381166C}.Debug|Any CPU.ActiveCfg = Debug|Any CPU
		{AB9DF9E4-32E1-42DA-BCF2-DD43B381166C}.Debug|Any CPU.Build.0 = Debug|Any CPU
		{AB9DF9E4-32E1-42DA-BCF2-DD43B381166C}.Release|Any CPU.ActiveCfg = Release|Any CPU
		{AB9DF9E4-32E1-42DA-BCF2-DD43B381166C}.Release|Any CPU.Build.0 = Release|Any CPU
		{9EB017FA-B80B-4863-A550-9A548228B721}.Debug|Any CPU.ActiveCfg = Debug|Any CPU
		{9EB017FA-B80B-4863-A550-9A548228B721}.Debug|Any CPU.Build.0 = Debug|Any CPU
		{9EB017FA-B80B-4863-A550-9A548228B721}.Release|Any CPU.ActiveCfg = Release|Any CPU
		{9EB017FA-B80B-4863-A550-9A548228B721}.Release|Any CPU.Build.0 = Release|Any CPU
		{00F3B8D4-408A-45A1-8A12-95A828CBACE5}.Debug|Any CPU.ActiveCfg = Debug|Any CPU
		{00F3B8D4-408A-45A1-8A12-95A828CBACE5}.Debug|Any CPU.Build.0 = Debug|Any CPU
		{00F3B8D4-408A-45A1-8A12-95A828CBACE5}.Release|Any CPU.ActiveCfg = Release|Any CPU
		{00F3B8D4-408A-45A1-8A12-95A828CBACE5}.Release|Any CPU.Build.0 = Release|Any CPU
		{EEDDDED8-4061-4EF7-8A17-E9D34F7FA81D}.Debug|Any CPU.ActiveCfg = Debug|Any CPU
		{EEDDDED8-4061-4EF7-8A17-E9D34F7FA81D}.Debug|Any CPU.Build.0 = Debug|Any CPU
		{EEDDDED8-4061-4EF7-8A17-E9D34F7FA81D}.Release|Any CPU.ActiveCfg = Release|Any CPU
		{EEDDDED8-4061-4EF7-8A17-E9D34F7FA81D}.Release|Any CPU.Build.0 = Release|Any CPU
	EndGlobalSection
	GlobalSection(SolutionProperties) = preSolution
		HideSolutionNode = FALSE
	EndGlobalSection
	GlobalSection(NestedProjects) = preSolution
		{AB9DF9E4-32E1-42DA-BCF2-DD43B381166C} = {96553CAF-B030-4386-B2B1-7EDB9F2C5588}
		{9EB017FA-B80B-4863-A550-9A548228B721} = {96553CAF-B030-4386-B2B1-7EDB9F2C5588}
		{055DCFCB-D116-4E05-8662-CF0AB68DC356} = {96553CAF-B030-4386-B2B1-7EDB9F2C5588}
		{110DB3FA-29D1-403F-B472-0676A70A8B8A} = {3C4FFCBC-843D-4006-8521-D7CCC5D7DD64}
		{F766E9E9-E689-458E-B2B4-5F9AF11771E2} = {3C4FFCBC-843D-4006-8521-D7CCC5D7DD64}
		{CA9A9D4E-6EC9-4E55-AD4F-8055014D855D} = {3C4FFCBC-843D-4006-8521-D7CCC5D7DD64}
		{BEBA8F00-B2B6-4DF0-81DF-D68B075FFDCE} = {3C4FFCBC-843D-4006-8521-D7CCC5D7DD64}
		{EEDDDED8-4061-4EF7-8A17-E9D34F7FA81D} = {384488C1-0A92-49C5-AC17-079DFAE6E2B7}
		{00F3B8D4-408A-45A1-8A12-95A828CBACE5} = {384488C1-0A92-49C5-AC17-079DFAE6E2B7}
	EndGlobalSection
EndGlobal
